<Solution>
  <Folder Name="/files/">
    <File Path=".editorconfig" />
    <File Path="CLAUDE.md" />
    <File Path="Directory.Build.props" />
    <File Path="Directory.Packages.props" />
    <File Path="nuget.config" />
    <File Path="README.md" />
  </Folder>
  <Folder Name="/src/">
    <Project Path="src\Capacitor.App\Capacitor.App.csproj" />
    <Project Path="src\ThirdParty\LiquidGlassAvaloniaUI\LiquidGlassAvaloniaUI.csproj" />
    <Project Path="src\Capacitor.Cli.Core\Capacitor.Cli.Core.csproj" />
    <Project Path="src\Capacitor.Cli.Daemon\Capacitor.Cli.Daemon.csproj" />
    <Project Path="src\Capacitor.Cli\Capacitor.Cli.csproj" />
    <Project Path="src\Capacitor.Models.Transcripts\Capacitor.Models.Transcripts.csproj" />
    <Project Path="src\Capacitor.Remote.Models\Capacitor.Remote.Models.csproj" />
  </Folder>
  <Folder Name="/test/">
    <File Path="test\Directory.Build.props" />
    <Project Path="test\Capacitor.App.Tests.Unit\Capacitor.App.Tests.Unit.csproj" />
    <Project Path="test\Capacitor.Tests.Helpers\Capacitor.Tests.Helpers.csproj" />
    <Project Path="test\Capacitor.Cli.Core.Tests.Unit\Capacitor.Cli.Core.Tests.Unit.csproj" />
    <Project Path="test\Capacitor.Cli.Daemon.Tests.Unit\Capacitor.Cli.Daemon.Tests.Unit.csproj" />
    <Project Path="test\Capacitor.Cli.Tests.Integration\Capacitor.Cli.Tests.Integration.csproj" />
    <Project Path="test\Capacitor.Remote.Models.Tests.Unit\Capacitor.Remote.Models.Tests.Unit.csproj" />
    <Project Path="test\Capacitor.Cli.Tests.Unit\Capacitor.Cli.Tests.Unit.csproj" />
    <Project Path="test\Capacitor.Cli.Tests.Unit.NativeTestHost\Capacitor.Cli.Tests.Unit.NativeTestHost.csproj" />
    <Project Path="test\Capacitor.Models.Transcripts.Tests.Unit\Capacitor.Models.Transcripts.Tests.Unit.csproj" />
  </Folder>
</Solution>
