<Solution>
  <Folder Name="/src/">
    <Project Path="src/Kapacitor.Core/Kapacitor.Core.csproj" />
    <Project Path="src/Kapacitor.Daemon/Kapacitor.Daemon.csproj" />
    <Project Path="src/kapacitor/kapacitor.csproj" />
  </Folder>
  <Folder Name="/test/">
    <Project Path="test/kapacitor.Tests.Unit/kapacitor.Tests.Unit.csproj" />
    <Project Path="test/kapacitor.Tests.Integration/kapacitor.Tests.Integration.csproj" />
  </Folder>
</Solution>
